
Microsoft Visual Studio Solution File, Format Version 12.00
# Visual Studio Version 16
VisualStudioVersion = 16.0.29926.136
MinimumVisualStudioVersion = 10.0.40219.1
Project("{9A19103F-16F7-4668-BE54-9A1E7A4F7556}") = "chatApplication", "chatApplication.csproj", "{D0935E5F-F710-4584-ACD2-7B166C4FF053}"
EndProject
Global
	GlobalSection(SolutionConfigurationPlatforms) = preSolution
		Debug|Any CPU = Debug|Any CPU
		Release|Any CPU = Release|Any CPU
	EndGlobalSection
	GlobalSection(ProjectConfigurationPlatforms) = postSolution
		{D0935E5F-F710-4584-ACD2-7B166C4FF053}.Debug|Any CPU.ActiveCfg = Debug|Any CPU
		{D0935E5F-F710-4584-ACD2-7B166C4FF053}.Debug|Any CPU.Build.0 = Debug|Any CPU
		{D0935E5F-F710-4584-ACD2-7B166C4FF053}.Release|Any CPU.ActiveCfg = Release|Any CPU
		{D0935E5F-F710-4584-ACD2-7B166C4FF053}.Release|Any CPU.Build.0 = Release|Any CPU
	EndGlobalSection
	GlobalSection(SolutionProperties) = preSolution
		HideSolutionNode = FALSE
	EndGlobalSection
	GlobalSection(ExtensibilityGlobals) = postSolution
		SolutionGuid = {BAB6A3C0-2B99-4A8C-A3E7-C5D878E448E8}
	EndGlobalSection
EndGlobal
